
Microsoft Visual Studio Solution File, Format Version 12.00
# Visual Studio 15
VisualStudioVersion = 15.0.27520.0
MinimumVisualStudioVersion = 10.0.40219.1
Project("{2150E333-8FDC-42A3-9474-1A3956D46DE8}") = "src", "src", "{F2A26488-7C74-4620-9ED7-4FDFC2F1952F}"
EndProject
Project("{2150E333-8FDC-42A3-9474-1A3956D46DE8}") = "tests", "tests", "{6939FCED-CAB9-4487-89EA-B24BE462EE43}"
EndProject
Project("{9A19103F-16F7-4668-BE54-9A1E7A4F7556}") = "Crudify.EntityFrameworkCore", "src\Crudify.EntityFrameworkCore\Crudify.EntityFrameworkCore.csproj", "{67024BAD-8BEB-4015-813B-29827560DD7F}"
EndProject
Project("{9A19103F-16F7-4668-BE54-9A1E7A4F7556}") = "Crudify.EntityFrameworkCoreTests", "tests\Crudify.EntityFrameworkCoreTests\Crudify.EntityFrameworkCoreTests.csproj", "{87E7341E-6D68-4E5F-9497-E62BA33EBB60}"
EndProject
Global
	GlobalSection(SolutionConfigurationPlatforms) = preSolution
		Debug|Any CPU = Debug|Any CPU
		Release|Any CPU = Release|Any CPU
	EndGlobalSection
	GlobalSection(ProjectConfigurationPlatforms) = postSolution
		{67024BAD-8BEB-4015-813B-29827560DD7F}.Debug|Any CPU.ActiveCfg = Debug|Any CPU
		{67024BAD-8BEB-4015-813B-29827560DD7F}.Debug|Any CPU.Build.0 = Debug|Any CPU
		{67024BAD-8BEB-4015-813B-29827560DD7F}.Release|Any CPU.ActiveCfg = Release|Any CPU
		{67024BAD-8BEB-4015-813B-29827560DD7F}.Release|Any CPU.Build.0 = Release|Any CPU
		{87E7341E-6D68-4E5F-9497-E62BA33EBB60}.Debug|Any CPU.ActiveCfg = Debug|Any CPU
		{87E7341E-6D68-4E5F-9497-E62BA33EBB60}.Debug|Any CPU.Build.0 = Debug|Any CPU
		{87E7341E-6D68-4E5F-9497-E62BA33EBB60}.Release|Any CPU.ActiveCfg = Release|Any CPU
		{87E7341E-6D68-4E5F-9497-E62BA33EBB60}.Release|Any CPU.Build.0 = Release|Any CPU
	EndGlobalSection
	GlobalSection(SolutionProperties) = preSolution
		HideSolutionNode = FALSE
	EndGlobalSection
	GlobalSection(NestedProjects) = preSolution
		{67024BAD-8BEB-4015-813B-29827560DD7F} = {F2A26488-7C74-4620-9ED7-4FDFC2F1952F}
		{87E7341E-6D68-4E5F-9497-E62BA33EBB60} = {6939FCED-CAB9-4487-89EA-B24BE462EE43}
	EndGlobalSection
	GlobalSection(ExtensibilityGlobals) = postSolution
		SolutionGuid = {4E8AD1C4-A33D-474C-BD65-6949C67D057C}
	EndGlobalSection
EndGlobal
